Microsoft Visual Studio Solution File, Format Version 12.00
# Visual Studio Version 17
VisualStudioVersion = 17.5.2.0
MinimumVisualStudioVersion = 10.0.40219.1
Project("{FAE04EC0-301F-11D3-BF4B-00C04F79EFBC}") = "LlmTornado", "LlmTornado.csproj", "{8B17C8BE-4B84-4049-4130-E00838B301D3}"
EndProject
Global
	GlobalSection(SolutionConfigurationPlatforms) = preSolution
		Debug|Any CPU = Debug|Any CPU
		Release|Any CPU = Release|Any CPU
	EndGlobalSection
	GlobalSection(ProjectConfigurationPlatforms) = postSolution
		{8B17C8BE-4B84-4049-4130-E00838B301D3}.Debug|Any CPU.ActiveCfg = Debug|Any CPU
		{8B17C8BE-4B84-4049-4130-E00838B301D3}.Debug|Any CPU.Build.0 = Debug|Any CPU
		{8B17C8BE-4B84-4049-4130-E00838B301D3}.Release|Any CPU.ActiveCfg = Release|Any CPU
		{8B17C8BE-4B84-4049-4130-E00838B301D3}.Release|Any CPU.Build.0 = Release|Any CPU
	EndGlobalSection
	GlobalSection(SolutionProperties) = preSolution
		HideSolutionNode = FALSE
	EndGlobalSection
	GlobalSection(ExtensibilityGlobals) = postSolution
		SolutionGuid = {4E37F336-BBB8-4A12-A65E-D8E11F700AD1}
	EndGlobalSection
EndGlobal
