
Microsoft Visual Studio Solution File, Format Version 12.00
# Visual Studio Version 17
VisualStudioVersion = 17.2.32616.157
MinimumVisualStudioVersion = 10.0.40219.1
Project("{9A19103F-16F7-4668-BE54-9A1E7A4F7556}") = "LlmTornado", "LlmTornado\LlmTornado.csproj", "{99C80D3E-3F0F-4ACC-900D-7AAE6230A780}"
EndProject
Project("{2150E333-8FDC-42A3-9474-1A3956D46DE8}") = "Solution Items", "Solution Items", "{1B37C1A8-1122-49FD-A3C1-C8F697714C1B}"
	ProjectSection(SolutionItems) = preProject
		..\LICENSE = ..\LICENSE
		..\README.md = ..\README.md
	EndProjectSection
EndProject
Project("{FAE04EC0-301F-11D3-BF4B-00C04F79EFBC}") = "LlmTornado.Demo", "LlmTornado.Demo\LlmTornado.Demo.csproj", "{DB9F35E7-05AC-4731-9B3B-6B142B454B71}"
EndProject
Project("{FAE04EC0-301F-11D3-BF4B-00C04F79EFBC}") = "LlmTornado.Tests", "LlmTornado.Tests\LlmTornado.Tests.csproj", "{1AB5CE62-1188-4D64-8942-207E8AEFAC36}"
EndProject
Project("{FAE04EC0-301F-11D3-BF4B-00C04F79EFBC}") = "LlmTornado.Contrib", "LlmTornado.Contrib\LlmTornado.Contrib.csproj", "{DC2FD9A3-F225-4F8C-9E6C-B37E7575F0CE}"
EndProject
Project("{FAE04EC0-301F-11D3-BF4B-00C04F79EFBC}") = "LlmTornado.Toolkit", "LlmTornado.Toolkit\LlmTornado.Toolkit.csproj", "{53D4C9D4-7123-47E1-9603-564C5A230672}"
EndProject
Project("{FAE04EC0-301F-11D3-BF4B-00C04F79EFBC}") = "LlmTornado.Internal.OpenRouter", "LlmTornado.Internal.OpenRouter\LlmTornado.Internal.OpenRouter.csproj", "{C0B4FA4F-03AA-4372-AC82-6B55A2153B68}"
EndProject
Project("{FAE04EC0-301F-11D3-BF4B-00C04F79EFBC}") = "LlmTornado.Mcp.Sample", "LlmTornado.Mcp.Sample\LlmTornado.Mcp.Sample.csproj", "{FB8AD280-CEBE-47D2-B583-11F66DD2B489}"
EndProject
Project("{FAE04EC0-301F-11D3-BF4B-00C04F79EFBC}") = "LlmTornado.Mcp.Sample.Server", "LlmTornado.Mcp.Sample.Server\LlmTornado.Mcp.Sample.Server.csproj", "{5432B64B-8214-43E9-A7C9-435FACCF6348}"
EndProject
Project("{FAE04EC0-301F-11D3-BF4B-00C04F79EFBC}") = "LlmTornado.Mcp", "LlmTornado.Mcp\LlmTornado.Mcp.csproj", "{97A70CA7-1120-45FA-8DA1-4AF24F552F73}"
EndProject
Project("{FAE04EC0-301F-11D3-BF4B-00C04F79EFBC}") = "LlmTornado.Agents", "LlmTornado.Agents\LlmTornado.Agents.csproj", "{97B956D9-EA77-44C9-B54A-142AA0A96301}"
EndProject
Project("{FAE04EC0-301F-11D3-BF4B-00C04F79EFBC}") = "LlmTornado.StateMachines", "LlmTornado.StateMachine\LlmTornado.StateMachines.csproj", "{79E6E7AB-ED24-4DA7-86DE-F73C9548D28F}"
EndProject
Global
	GlobalSection(SolutionConfigurationPlatforms) = preSolution
		Debug|Any CPU = Debug|Any CPU
		Release|Any CPU = Release|Any CPU
	EndGlobalSection
	GlobalSection(ProjectConfigurationPlatforms) = postSolution
		{99C80D3E-3F0F-4ACC-900D-7AAE6230A780}.Debug|Any CPU.ActiveCfg = Debug|Any CPU
		{99C80D3E-3F0F-4ACC-900D-7AAE6230A780}.Debug|Any CPU.Build.0 = Debug|Any CPU
		{99C80D3E-3F0F-4ACC-900D-7AAE6230A780}.Release|Any CPU.ActiveCfg = Release|Any CPU
		{99C80D3E-3F0F-4ACC-900D-7AAE6230A780}.Release|Any CPU.Build.0 = Release|Any CPU
		{DB9F35E7-05AC-4731-9B3B-6B142B454B71}.Debug|Any CPU.ActiveCfg = Debug|Any CPU
		{DB9F35E7-05AC-4731-9B3B-6B142B454B71}.Debug|Any CPU.Build.0 = Debug|Any CPU
		{DB9F35E7-05AC-4731-9B3B-6B142B454B71}.Release|Any CPU.ActiveCfg = Release|Any CPU
		{DB9F35E7-05AC-4731-9B3B-6B142B454B71}.Release|Any CPU.Build.0 = Release|Any CPU
		{1AB5CE62-1188-4D64-8942-207E8AEFAC36}.Debug|Any CPU.ActiveCfg = Debug|Any CPU
		{1AB5CE62-1188-4D64-8942-207E8AEFAC36}.Debug|Any CPU.Build.0 = Debug|Any CPU
		{1AB5CE62-1188-4D64-8942-207E8AEFAC36}.Release|Any CPU.ActiveCfg = Release|Any CPU
		{1AB5CE62-1188-4D64-8942-207E8AEFAC36}.Release|Any CPU.Build.0 = Release|Any CPU
		{DC2FD9A3-F225-4F8C-9E6C-B37E7575F0CE}.Debug|Any CPU.ActiveCfg = Debug|Any CPU
		{DC2FD9A3-F225-4F8C-9E6C-B37E7575F0CE}.Debug|Any CPU.Build.0 = Debug|Any CPU
		{DC2FD9A3-F225-4F8C-9E6C-B37E7575F0CE}.Release|Any CPU.ActiveCfg = Release|Any CPU
		{DC2FD9A3-F225-4F8C-9E6C-B37E7575F0CE}.Release|Any CPU.Build.0 = Release|Any CPU
		{53D4C9D4-7123-47E1-9603-564C5A230672}.Debug|Any CPU.ActiveCfg = Debug|Any CPU
		{53D4C9D4-7123-47E1-9603-564C5A230672}.Debug|Any CPU.Build.0 = Debug|Any CPU
		{53D4C9D4-7123-47E1-9603-564C5A230672}.Release|Any CPU.ActiveCfg = Release|Any CPU
		{53D4C9D4-7123-47E1-9603-564C5A230672}.Release|Any CPU.Build.0 = Release|Any CPU
		{C0B4FA4F-03AA-4372-AC82-6B55A2153B68}.Debug|Any CPU.ActiveCfg = Debug|Any CPU
		{C0B4FA4F-03AA-4372-AC82-6B55A2153B68}.Debug|Any CPU.Build.0 = Debug|Any CPU
		{C0B4FA4F-03AA-4372-AC82-6B55A2153B68}.Release|Any CPU.ActiveCfg = Release|Any CPU
		{C0B4FA4F-03AA-4372-AC82-6B55A2153B68}.Release|Any CPU.Build.0 = Release|Any CPU
		{FB8AD280-CEBE-47D2-B583-11F66DD2B489}.Debug|Any CPU.ActiveCfg = Debug|Any CPU
		{FB8AD280-CEBE-47D2-B583-11F66DD2B489}.Debug|Any CPU.Build.0 = Debug|Any CPU
		{FB8AD280-CEBE-47D2-B583-11F66DD2B489}.Release|Any CPU.ActiveCfg = Release|Any CPU
		{FB8AD280-CEBE-47D2-B583-11F66DD2B489}.Release|Any CPU.Build.0 = Release|Any CPU
		{5432B64B-8214-43E9-A7C9-435FACCF6348}.Debug|Any CPU.ActiveCfg = Debug|Any CPU
		{5432B64B-8214-43E9-A7C9-435FACCF6348}.Debug|Any CPU.Build.0 = Debug|Any CPU
		{5432B64B-8214-43E9-A7C9-435FACCF6348}.Release|Any CPU.ActiveCfg = Release|Any CPU
		{5432B64B-8214-43E9-A7C9-435FACCF6348}.Release|Any CPU.Build.0 = Release|Any CPU
		{97A70CA7-1120-45FA-8DA1-4AF24F552F73}.Debug|Any CPU.ActiveCfg = Debug|Any CPU
		{97A70CA7-1120-45FA-8DA1-4AF24F552F73}.Debug|Any CPU.Build.0 = Debug|Any CPU
		{97A70CA7-1120-45FA-8DA1-4AF24F552F73}.Release|Any CPU.ActiveCfg = Release|Any CPU
		{97A70CA7-1120-45FA-8DA1-4AF24F552F73}.Release|Any CPU.Build.0 = Release|Any CPU
		{97B956D9-EA77-44C9-B54A-142AA0A96301}.Debug|Any CPU.ActiveCfg = Debug|Any CPU
		{97B956D9-EA77-44C9-B54A-142AA0A96301}.Debug|Any CPU.Build.0 = Debug|Any CPU
		{97B956D9-EA77-44C9-B54A-142AA0A96301}.Release|Any CPU.ActiveCfg = Release|Any CPU
		{97B956D9-EA77-44C9-B54A-142AA0A96301}.Release|Any CPU.Build.0 = Release|Any CPU
		{79E6E7AB-ED24-4DA7-86DE-F73C9548D28F}.Debug|Any CPU.ActiveCfg = Debug|Any CPU
		{79E6E7AB-ED24-4DA7-86DE-F73C9548D28F}.Debug|Any CPU.Build.0 = Debug|Any CPU
		{79E6E7AB-ED24-4DA7-86DE-F73C9548D28F}.Release|Any CPU.ActiveCfg = Release|Any CPU
		{79E6E7AB-ED24-4DA7-86DE-F73C9548D28F}.Release|Any CPU.Build.0 = Release|Any CPU
	EndGlobalSection
	GlobalSection(SolutionProperties) = preSolution
		HideSolutionNode = FALSE
	EndGlobalSection
	GlobalSection(ExtensibilityGlobals) = postSolution
		SolutionGuid = {971477B1-6BBA-40CD-8B76-AEBC01D99130}
	EndGlobalSection
EndGlobal
