<Solution>
  <Configurations>
    <Platform Name="Any CPU" />
    <Platform Name="x64" />
    <Platform Name="x86" />
  </Configurations>
  <Folder Name="/Solution Items/">
    <File Path="../LICENSE" />
    <File Path="../README.md" />
  </Folder>
  <Project Path="fork_blazor_workers/src/BlazorWorker.Extensions.JSRuntime/BlazorWorker.Extensions.JSRuntime.csproj" />
  <Project Path="fork_blazor_workers/src/BlazorWorker.ServiceFactory/BlazorWorker.BackgroundServiceFactory.csproj" />
  <Project Path="fork_blazor_workers/src/BlazorWorker.WorkerBackgroundService/BlazorWorker.WorkerBackgroundService.csproj" />
  <Project Path="fork_blazor_workers/src/BlazorWorker.WorkerCore/BlazorWorker.WorkerCore.csproj" />
  <Project Path="LlmTornado.Contrib/LlmTornado.Contrib.csproj" />
  <Project Path="LlmTornado.Demo/LlmTornado.Demo.csproj" />
  <Project Path="LlmTornado.Docs.Arcade/LlmTornado.Docs.Arcade.csproj" />
  <Project Path="LlmTornado.Docs/LlmTornado.Docs.csproj" />
  <Project Path="LlmTornado.Internal.OpenRouter/LlmTornado.Internal.OpenRouter.csproj" />
  <Project Path="LlmTornado.Mcp.Sample.Server/LlmTornado.Mcp.Sample.Server.csproj" />
  <Project Path="LlmTornado.Mcp.Sample/LlmTornado.Mcp.Sample.csproj" />
  <Project Path="LlmTornado.Mcp/LlmTornado.Mcp.csproj" />
  <Project Path="LlmTornado.OpenApiGenerator/LlmTornado.OpenApiGenerator.csproj" />
  <Project Path="LlmTornado.SemanticKernel/LlmTornado.SemanticKernel.csproj" />
  <Project Path="LlmTornado.Tests/LlmTornado.Tests.csproj" />
  <Project Path="LlmTornado.Toolkit/LlmTornado.Toolkit.csproj" />
  <Project Path="LlmTornado/LlmTornado.csproj" />
</Solution>
