
Microsoft Visual Studio Solution File, Format Version 12.00
# Visual Studio Version 17
VisualStudioVersion = 17.2.32616.157
MinimumVisualStudioVersion = 10.0.40219.1
Project("{9A19103F-16F7-4668-BE54-9A1E7A4F7556}") = "LlmTornado", "LlmTornado\LlmTornado.csproj", "{99C80D3E-3F0F-4ACC-900D-7AAE6230A780}"
EndProject
Project("{2150E333-8FDC-42A3-9474-1A3956D46DE8}") = "Solution Items", "Solution Items", "{1B37C1A8-1122-49FD-A3C1-C8F697714C1B}"
	ProjectSection(SolutionItems) = preProject
		..\LICENSE = ..\LICENSE
		..\README.md = ..\README.md
	EndProjectSection
EndProject
Project("{FAE04EC0-301F-11D3-BF4B-00C04F79EFBC}") = "LlmTornado.Demo", "LlmTornado.Demo\LlmTornado.Demo.csproj", "{DB9F35E7-05AC-4731-9B3B-6B142B454B71}"
EndProject
Project("{FAE04EC0-301F-11D3-BF4B-00C04F79EFBC}") = "LlmTornado.Tests", "LlmTornado.Tests\LlmTornado.Tests.csproj", "{1AB5CE62-1188-4D64-8942-207E8AEFAC36}"
EndProject
Project("{FAE04EC0-301F-11D3-BF4B-00C04F79EFBC}") = "LlmTornado.Contrib", "LlmTornado.Contrib\LlmTornado.Contrib.csproj", "{DC2FD9A3-F225-4F8C-9E6C-B37E7575F0CE}"
EndProject
Project("{FAE04EC0-301F-11D3-BF4B-00C04F79EFBC}") = "LlmTornado.Toolkit", "LlmTornado.Toolkit\LlmTornado.Toolkit.csproj", "{53D4C9D4-7123-47E1-9603-564C5A230672}"
EndProject
Project("{FAE04EC0-301F-11D3-BF4B-00C04F79EFBC}") = "LlmTornado.Docs", "LlmTornado.Docs\LlmTornado.Docs.csproj", "{A64DF195-6247-4EF3-9690-865CE7619D9F}"
EndProject
Project("{FAE04EC0-301F-11D3-BF4B-00C04F79EFBC}") = "LlmTornado.Internal.OpenRouter", "LlmTornado.Internal.OpenRouter\LlmTornado.Internal.OpenRouter.csproj", "{C0B4FA4F-03AA-4372-AC82-6B55A2153B68}"
EndProject
Project("{FAE04EC0-301F-11D3-BF4B-00C04F79EFBC}") = "LlmTornado.Mcp.Sample", "LlmTornado.Mcp.Sample\LlmTornado.Mcp.Sample.csproj", "{FB8AD280-CEBE-47D2-B583-11F66DD2B489}"
EndProject
Project("{FAE04EC0-301F-11D3-BF4B-00C04F79EFBC}") = "LlmTornado.Mcp.Sample.Server", "LlmTornado.Mcp.Sample.Server\LlmTornado.Mcp.Sample.Server.csproj", "{5432B64B-8214-43E9-A7C9-435FACCF6348}"
EndProject
Project("{FAE04EC0-301F-11D3-BF4B-00C04F79EFBC}") = "LlmTornado.Mcp", "LlmTornado.Mcp\LlmTornado.Mcp.csproj", "{97A70CA7-1120-45FA-8DA1-4AF24F552F73}"
EndProject
Project("{FAE04EC0-301F-11D3-BF4B-00C04F79EFBC}") = "LlmTornado.OpenApiGenerator", "LlmTornado.OpenApiGenerator\LlmTornado.OpenApiGenerator.csproj", "{5AC477FB-5E5C-40A6-AEF4-EB0B172EFB8C}"
EndProject
Project("{FAE04EC0-301F-11D3-BF4B-00C04F79EFBC}") = "LlmTornado.SemanticKernel", "LlmTornado.SemanticKernel\LlmTornado.SemanticKernel.csproj", "{4A4395C4-FB29-4DDD-9A4C-B38C40394B59}"
EndProject
Project("{FAE04EC0-301F-11D3-BF4B-00C04F79EFBC}") = "LlmTornado.Agents", "LlmTornado.Agents\LlmTornado.Agents.csproj", "{98DD4043-78B8-450B-A2BD-457F5699E8C5}"
EndProject
Project("{FAE04EC0-301F-11D3-BF4B-00C04F79EFBC}") = "LlmTornado.Agents.Native", "LlmTornado.Agents.Native\LlmTornado.Agents.Native.csproj", "{BA23150F-8360-4F37-BB60-D5D784ECD30E}"
EndProject
Project("{FAE04EC0-301F-11D3-BF4B-00C04F79EFBC}") = "LlmTornado.VectorDatabases", "LlmTornado.VectorDatabases\LlmTornado.VectorDatabases.csproj", "{E58A23FE-0DB3-4EB6-8212-0291AA5BADCB}"
EndProject
Project("{FAE04EC0-301F-11D3-BF4B-00C04F79EFBC}") = "LlmTornado.VectorDatabases.ChromaDB", "LlmTornado.VectorDatabases.ChromaDB\LlmTornado.VectorDatabases.ChromaDB.csproj", "{3A733F18-3431-4557-B42F-FA38EE2C11F6}"
EndProject
Project("{FAE04EC0-301F-11D3-BF4B-00C04F79EFBC}") = "LlmTornado.A2A", "LlmTornado.A2A\LlmTornado.A2A.csproj", "{EB265C13-2353-44F2-B04A-8F69DEB10A86}"
EndProject
Project("{FAE04EC0-301F-11D3-BF4B-00C04F79EFBC}") = "LlmTornado.A2A.AgentServer", "LlmTornado.A2A.AgentServer\LlmTornado.A2A.AgentServer.csproj", "{1551F947-EE7D-437F-9A11-A02D0504DF9E}"
EndProject
Project("{FAE04EC0-301F-11D3-BF4B-00C04F79EFBC}") = "LlmTornado.A2A.Hosting", "LlmTornado.A2A.Hosting\LlmTornado.A2A.Hosting.csproj", "{34D6405C-B0A1-44AA-93C2-80DC8D6ABCA6}"
EndProject
Project("{FAE04EC0-301F-11D3-BF4B-00C04F79EFBC}") = "LlmTornado.A2A.WebUI", "LlmTornado.A2A.WebUI\LlmTornado.A2A.WebUI.csproj", "{5F0719AA-FE7A-3A55-E2AD-48430A64A50D}"
EndProject
Project("{FAE04EC0-301F-11D3-BF4B-00C04F79EFBC}") = "LlmTornado.Agents.Samples", "LlmTornado.Agents.Samples\LlmTornado.Agents.Samples.csproj", "{F5528AD5-125C-40D9-9CEB-1794AD755CBD}"
EndProject
Global
	GlobalSection(SolutionConfigurationPlatforms) = preSolution
		Debug|Any CPU = Debug|Any CPU
		Release|Any CPU = Release|Any CPU
	EndGlobalSection
	GlobalSection(ProjectConfigurationPlatforms) = postSolution
		{99C80D3E-3F0F-4ACC-900D-7AAE6230A780}.Debug|Any CPU.ActiveCfg = Debug|Any CPU
		{99C80D3E-3F0F-4ACC-900D-7AAE6230A780}.Debug|Any CPU.Build.0 = Debug|Any CPU
		{99C80D3E-3F0F-4ACC-900D-7AAE6230A780}.Release|Any CPU.ActiveCfg = Release|Any CPU
		{99C80D3E-3F0F-4ACC-900D-7AAE6230A780}.Release|Any CPU.Build.0 = Release|Any CPU
		{DB9F35E7-05AC-4731-9B3B-6B142B454B71}.Debug|Any CPU.ActiveCfg = Debug|Any CPU
		{DB9F35E7-05AC-4731-9B3B-6B142B454B71}.Debug|Any CPU.Build.0 = Debug|Any CPU
		{DB9F35E7-05AC-4731-9B3B-6B142B454B71}.Release|Any CPU.ActiveCfg = Release|Any CPU
		{DB9F35E7-05AC-4731-9B3B-6B142B454B71}.Release|Any CPU.Build.0 = Release|Any CPU
		{1AB5CE62-1188-4D64-8942-207E8AEFAC36}.Debug|Any CPU.ActiveCfg = Debug|Any CPU
		{1AB5CE62-1188-4D64-8942-207E8AEFAC36}.Debug|Any CPU.Build.0 = Debug|Any CPU
		{1AB5CE62-1188-4D64-8942-207E8AEFAC36}.Release|Any CPU.ActiveCfg = Release|Any CPU
		{1AB5CE62-1188-4D64-8942-207E8AEFAC36}.Release|Any CPU.Build.0 = Release|Any CPU
		{DC2FD9A3-F225-4F8C-9E6C-B37E7575F0CE}.Debug|Any CPU.ActiveCfg = Debug|Any CPU
		{DC2FD9A3-F225-4F8C-9E6C-B37E7575F0CE}.Debug|Any CPU.Build.0 = Debug|Any CPU
		{DC2FD9A3-F225-4F8C-9E6C-B37E7575F0CE}.Release|Any CPU.ActiveCfg = Release|Any CPU
		{DC2FD9A3-F225-4F8C-9E6C-B37E7575F0CE}.Release|Any CPU.Build.0 = Release|Any CPU
		{53D4C9D4-7123-47E1-9603-564C5A230672}.Debug|Any CPU.ActiveCfg = Debug|Any CPU
		{53D4C9D4-7123-47E1-9603-564C5A230672}.Debug|Any CPU.Build.0 = Debug|Any CPU
		{53D4C9D4-7123-47E1-9603-564C5A230672}.Release|Any CPU.ActiveCfg = Release|Any CPU
		{53D4C9D4-7123-47E1-9603-564C5A230672}.Release|Any CPU.Build.0 = Release|Any CPU
		{A64DF195-6247-4EF3-9690-865CE7619D9F}.Debug|Any CPU.ActiveCfg = Debug|Any CPU
		{A64DF195-6247-4EF3-9690-865CE7619D9F}.Debug|Any CPU.Build.0 = Debug|Any CPU
		{A64DF195-6247-4EF3-9690-865CE7619D9F}.Release|Any CPU.ActiveCfg = Release|Any CPU
		{A64DF195-6247-4EF3-9690-865CE7619D9F}.Release|Any CPU.Build.0 = Release|Any CPU
		{C0B4FA4F-03AA-4372-AC82-6B55A2153B68}.Debug|Any CPU.ActiveCfg = Debug|Any CPU
		{C0B4FA4F-03AA-4372-AC82-6B55A2153B68}.Debug|Any CPU.Build.0 = Debug|Any CPU
		{C0B4FA4F-03AA-4372-AC82-6B55A2153B68}.Release|Any CPU.ActiveCfg = Release|Any CPU
		{C0B4FA4F-03AA-4372-AC82-6B55A2153B68}.Release|Any CPU.Build.0 = Release|Any CPU
		{FB8AD280-CEBE-47D2-B583-11F66DD2B489}.Debug|Any CPU.ActiveCfg = Debug|Any CPU
		{FB8AD280-CEBE-47D2-B583-11F66DD2B489}.Debug|Any CPU.Build.0 = Debug|Any CPU
		{FB8AD280-CEBE-47D2-B583-11F66DD2B489}.Release|Any CPU.ActiveCfg = Release|Any CPU
		{FB8AD280-CEBE-47D2-B583-11F66DD2B489}.Release|Any CPU.Build.0 = Release|Any CPU
		{5432B64B-8214-43E9-A7C9-435FACCF6348}.Debug|Any CPU.ActiveCfg = Debug|Any CPU
		{5432B64B-8214-43E9-A7C9-435FACCF6348}.Debug|Any CPU.Build.0 = Debug|Any CPU
		{5432B64B-8214-43E9-A7C9-435FACCF6348}.Release|Any CPU.ActiveCfg = Release|Any CPU
		{5432B64B-8214-43E9-A7C9-435FACCF6348}.Release|Any CPU.Build.0 = Release|Any CPU
		{97A70CA7-1120-45FA-8DA1-4AF24F552F73}.Debug|Any CPU.ActiveCfg = Debug|Any CPU
		{97A70CA7-1120-45FA-8DA1-4AF24F552F73}.Debug|Any CPU.Build.0 = Debug|Any CPU
		{97A70CA7-1120-45FA-8DA1-4AF24F552F73}.Release|Any CPU.ActiveCfg = Release|Any CPU
		{97A70CA7-1120-45FA-8DA1-4AF24F552F73}.Release|Any CPU.Build.0 = Release|Any CPU
		{5AC477FB-5E5C-40A6-AEF4-EB0B172EFB8C}.Debug|Any CPU.ActiveCfg = Debug|Any CPU
		{5AC477FB-5E5C-40A6-AEF4-EB0B172EFB8C}.Debug|Any CPU.Build.0 = Debug|Any CPU
		{5AC477FB-5E5C-40A6-AEF4-EB0B172EFB8C}.Release|Any CPU.ActiveCfg = Release|Any CPU
		{5AC477FB-5E5C-40A6-AEF4-EB0B172EFB8C}.Release|Any CPU.Build.0 = Release|Any CPU
		{4A4395C4-FB29-4DDD-9A4C-B38C40394B59}.Debug|Any CPU.ActiveCfg = Debug|Any CPU
		{4A4395C4-FB29-4DDD-9A4C-B38C40394B59}.Debug|Any CPU.Build.0 = Debug|Any CPU
		{4A4395C4-FB29-4DDD-9A4C-B38C40394B59}.Release|Any CPU.ActiveCfg = Release|Any CPU
		{4A4395C4-FB29-4DDD-9A4C-B38C40394B59}.Release|Any CPU.Build.0 = Release|Any CPU
		{98DD4043-78B8-450B-A2BD-457F5699E8C5}.Debug|Any CPU.ActiveCfg = Debug|Any CPU
		{98DD4043-78B8-450B-A2BD-457F5699E8C5}.Debug|Any CPU.Build.0 = Debug|Any CPU
		{98DD4043-78B8-450B-A2BD-457F5699E8C5}.Release|Any CPU.ActiveCfg = Release|Any CPU
		{98DD4043-78B8-450B-A2BD-457F5699E8C5}.Release|Any CPU.Build.0 = Release|Any CPU
		{BA23150F-8360-4F37-BB60-D5D784ECD30E}.Debug|Any CPU.ActiveCfg = Debug|Any CPU
		{BA23150F-8360-4F37-BB60-D5D784ECD30E}.Debug|Any CPU.Build.0 = Debug|Any CPU
		{BA23150F-8360-4F37-BB60-D5D784ECD30E}.Release|Any CPU.ActiveCfg = Release|Any CPU
		{BA23150F-8360-4F37-BB60-D5D784ECD30E}.Release|Any CPU.Build.0 = Release|Any CPU
		{E58A23FE-0DB3-4EB6-8212-0291AA5BADCB}.Debug|Any CPU.ActiveCfg = Debug|Any CPU
		{E58A23FE-0DB3-4EB6-8212-0291AA5BADCB}.Debug|Any CPU.Build.0 = Debug|Any CPU
		{E58A23FE-0DB3-4EB6-8212-0291AA5BADCB}.Release|Any CPU.ActiveCfg = Release|Any CPU
		{E58A23FE-0DB3-4EB6-8212-0291AA5BADCB}.Release|Any CPU.Build.0 = Release|Any CPU
		{3A733F18-3431-4557-B42F-FA38EE2C11F6}.Debug|Any CPU.ActiveCfg = Debug|Any CPU
		{3A733F18-3431-4557-B42F-FA38EE2C11F6}.Debug|Any CPU.Build.0 = Debug|Any CPU
		{3A733F18-3431-4557-B42F-FA38EE2C11F6}.Release|Any CPU.ActiveCfg = Release|Any CPU
		{3A733F18-3431-4557-B42F-FA38EE2C11F6}.Release|Any CPU.Build.0 = Release|Any CPU
		{EB265C13-2353-44F2-B04A-8F69DEB10A86}.Debug|Any CPU.ActiveCfg = Debug|Any CPU
		{EB265C13-2353-44F2-B04A-8F69DEB10A86}.Debug|Any CPU.Build.0 = Debug|Any CPU
		{EB265C13-2353-44F2-B04A-8F69DEB10A86}.Release|Any CPU.ActiveCfg = Release|Any CPU
		{EB265C13-2353-44F2-B04A-8F69DEB10A86}.Release|Any CPU.Build.0 = Release|Any CPU
		{1551F947-EE7D-437F-9A11-A02D0504DF9E}.Debug|Any CPU.ActiveCfg = Debug|Any CPU
		{1551F947-EE7D-437F-9A11-A02D0504DF9E}.Debug|Any CPU.Build.0 = Debug|Any CPU
		{1551F947-EE7D-437F-9A11-A02D0504DF9E}.Release|Any CPU.ActiveCfg = Release|Any CPU
		{1551F947-EE7D-437F-9A11-A02D0504DF9E}.Release|Any CPU.Build.0 = Release|Any CPU
		{34D6405C-B0A1-44AA-93C2-80DC8D6ABCA6}.Debug|Any CPU.ActiveCfg = Debug|Any CPU
		{34D6405C-B0A1-44AA-93C2-80DC8D6ABCA6}.Debug|Any CPU.Build.0 = Debug|Any CPU
		{34D6405C-B0A1-44AA-93C2-80DC8D6ABCA6}.Release|Any CPU.ActiveCfg = Release|Any CPU
		{34D6405C-B0A1-44AA-93C2-80DC8D6ABCA6}.Release|Any CPU.Build.0 = Release|Any CPU
		{5F0719AA-FE7A-3A55-E2AD-48430A64A50D}.Debug|Any CPU.ActiveCfg = Debug|Any CPU
		{5F0719AA-FE7A-3A55-E2AD-48430A64A50D}.Debug|Any CPU.Build.0 = Debug|Any CPU
		{5F0719AA-FE7A-3A55-E2AD-48430A64A50D}.Release|Any CPU.ActiveCfg = Release|Any CPU
		{5F0719AA-FE7A-3A55-E2AD-48430A64A50D}.Release|Any CPU.Build.0 = Release|Any CPU
		{F5528AD5-125C-40D9-9CEB-1794AD755CBD}.Debug|Any CPU.ActiveCfg = Debug|Any CPU
		{F5528AD5-125C-40D9-9CEB-1794AD755CBD}.Debug|Any CPU.Build.0 = Debug|Any CPU
		{F5528AD5-125C-40D9-9CEB-1794AD755CBD}.Release|Any CPU.ActiveCfg = Release|Any CPU
		{F5528AD5-125C-40D9-9CEB-1794AD755CBD}.Release|Any CPU.Build.0 = Release|Any CPU
	EndGlobalSection
	GlobalSection(SolutionProperties) = preSolution
		HideSolutionNode = FALSE
	EndGlobalSection
	GlobalSection(ExtensibilityGlobals) = postSolution
		SolutionGuid = {971477B1-6BBA-40CD-8B76-AEBC01D99130}
	EndGlobalSection
EndGlobal
